
Microsoft Visual Studio Solution File, Format Version 12.00
# Visual Studio 2013
VisualStudioVersion = 12.0.31101.0
MinimumVisualStudioVersion = 10.0.40219.1
Project("{FAE04EC0-301F-11D3-BF4B-00C04F79EFBC}") = "tba.Core", "tba.Core\tba.Core.csproj", "{50AEC010-2798-4DEB-8995-697A9CF96133}"
EndProject
Project("{FAE04EC0-301F-11D3-BF4B-00C04F79EFBC}") = "tba.EFPersistence", "tba.EFPersistence\tba.EFPersistence.csproj", "{689342B8-1099-464C-B6BB-C297D632785B}"
EndProject
Project("{2150E333-8FDC-42A3-9474-1A3956D46DE8}") = "Test", "Test", "{6C90367F-3237-4374-AB29-2F4411DDD680}"
EndProject
Project("{FAE04EC0-301F-11D3-BF4B-00C04F79EFBC}") = "tba.CoreUnitTests", "tba.CoreUnitTests\tba.CoreUnitTests.csproj", "{DF485735-27C4-4ACD-B4E3-95440B20C2B9}"
EndProject
Project("{2150E333-8FDC-42A3-9474-1A3956D46DE8}") = "Core", "Core", "{99F8F3A8-5E0E-4FE1-B8BF-82941EEDC576}"
EndProject
Project("{2150E333-8FDC-42A3-9474-1A3956D46DE8}") = "Accounts", "Accounts", "{4BB67510-84C3-42E5-B560-AE78A090C370}"
EndProject
Project("{FAE04EC0-301F-11D3-BF4B-00C04F79EFBC}") = "tba.Accounts", "tba.Accounts\tba.Accounts.csproj", "{6EABF432-7B44-4B1C-9BBE-7F5BB4782A4B}"
EndProject
Project("{FAE04EC0-301F-11D3-BF4B-00C04F79EFBC}") = "tba.Accounts.Tests", "tba.Accounts.Tests\tba.Accounts.Tests.csproj", "{0F164C3F-4589-4295-B7E2-BA76EB4F74EF}"
EndProject
Global
	GlobalSection(SolutionConfigurationPlatforms) = preSolution
		Debug|Any CPU = Debug|Any CPU
		Release|Any CPU = Release|Any CPU
	EndGlobalSection
	GlobalSection(ProjectConfigurationPlatforms) = postSolution
		{50AEC010-2798-4DEB-8995-697A9CF96133}.Debug|Any CPU.ActiveCfg = Debug|Any CPU
		{50AEC010-2798-4DEB-8995-697A9CF96133}.Debug|Any CPU.Build.0 = Debug|Any CPU
		{50AEC010-2798-4DEB-8995-697A9CF96133}.Release|Any CPU.ActiveCfg = Release|Any CPU
		{50AEC010-2798-4DEB-8995-697A9CF96133}.Release|Any CPU.Build.0 = Release|Any CPU
		{689342B8-1099-464C-B6BB-C297D632785B}.Debug|Any CPU.ActiveCfg = Debug|Any CPU
		{689342B8-1099-464C-B6BB-C297D632785B}.Debug|Any CPU.Build.0 = Debug|Any CPU
		{689342B8-1099-464C-B6BB-C297D632785B}.Release|Any CPU.ActiveCfg = Release|Any CPU
		{689342B8-1099-464C-B6BB-C297D632785B}.Release|Any CPU.Build.0 = Release|Any CPU
		{DF485735-27C4-4ACD-B4E3-95440B20C2B9}.Debug|Any CPU.ActiveCfg = Debug|Any CPU
		{DF485735-27C4-4ACD-B4E3-95440B20C2B9}.Debug|Any CPU.Build.0 = Debug|Any CPU
		{DF485735-27C4-4ACD-B4E3-95440B20C2B9}.Release|Any CPU.ActiveCfg = Release|Any CPU
		{DF485735-27C4-4ACD-B4E3-95440B20C2B9}.Release|Any CPU.Build.0 = Release|Any CPU
		{6EABF432-7B44-4B1C-9BBE-7F5BB4782A4B}.Debug|Any CPU.ActiveCfg = Debug|Any CPU
		{6EABF432-7B44-4B1C-9BBE-7F5BB4782A4B}.Debug|Any CPU.Build.0 = Debug|Any CPU
		{6EABF432-7B44-4B1C-9BBE-7F5BB4782A4B}.Release|Any CPU.ActiveCfg = Release|Any CPU
		{6EABF432-7B44-4B1C-9BBE-7F5BB4782A4B}.Release|Any CPU.Build.0 = Release|Any CPU
		{0F164C3F-4589-4295-B7E2-BA76EB4F74EF}.Debug|Any CPU.ActiveCfg = Debug|Any CPU
		{0F164C3F-4589-4295-B7E2-BA76EB4F74EF}.Debug|Any CPU.Build.0 = Debug|Any CPU
		{0F164C3F-4589-4295-B7E2-BA76EB4F74EF}.Release|Any CPU.ActiveCfg = Release|Any CPU
		{0F164C3F-4589-4295-B7E2-BA76EB4F74EF}.Release|Any CPU.Build.0 = Release|Any CPU
	EndGlobalSection
	GlobalSection(SolutionProperties) = preSolution
		HideSolutionNode = FALSE
	EndGlobalSection
	GlobalSection(NestedProjects) = preSolution
		{50AEC010-2798-4DEB-8995-697A9CF96133} = {99F8F3A8-5E0E-4FE1-B8BF-82941EEDC576}
		{689342B8-1099-464C-B6BB-C297D632785B} = {99F8F3A8-5E0E-4FE1-B8BF-82941EEDC576}
		{DF485735-27C4-4ACD-B4E3-95440B20C2B9} = {6C90367F-3237-4374-AB29-2F4411DDD680}
		{6EABF432-7B44-4B1C-9BBE-7F5BB4782A4B} = {4BB67510-84C3-42E5-B560-AE78A090C370}
		{0F164C3F-4589-4295-B7E2-BA76EB4F74EF} = {6C90367F-3237-4374-AB29-2F4411DDD680}
	EndGlobalSection
EndGlobal
